// !$*UTF8*$!
{
	archiveVersion = 1;
	classes = {
	};
	objectVersion = 56;
	objects = {

/* Begin PBXBuildFile section */
		001B1C7F2900FCC800F5C875 /* UserInfo.swift in Sources */ = {isa = PBXBuildFile; fileRef = 001B1C7E2900FCC800F5C875 /* UserInfo.swift */; };
		001B1C812900FE5B00F5C875 /* PromiseRoom.swift in Sources */ = {isa = PBXBuildFile; fileRef = 001B1C802900FE5B00F5C875 /* PromiseRoom.swift */; };
		001B1C832901049400F5C875 /* MockData.swift in Sources */ = {isa = PBXBuildFile; fileRef = 001B1C822901049400F5C875 /* MockData.swift */; };
		001B1C8629010C4B00F5C875 /* FirebaseAuth in Frameworks */ = {isa = PBXBuildFile; productRef = 001B1C8529010C4B00F5C875 /* FirebaseAuth */; };
		001B1C8829010C4B00F5C875 /* FirebaseFirestore in Frameworks */ = {isa = PBXBuildFile; productRef = 001B1C8729010C4B00F5C875 /* FirebaseFirestore */; };
		001B1CA42901270C00F5C875 /* RxCocoa in Frameworks */ = {isa = PBXBuildFile; productRef = 001B1CA32901270C00F5C875 /* RxCocoa */; };
		001B1CA62901270C00F5C875 /* RxRelay in Frameworks */ = {isa = PBXBuildFile; productRef = 001B1CA52901270C00F5C875 /* RxRelay */; };
		001B1CA82901270C00F5C875 /* RxSwift in Frameworks */ = {isa = PBXBuildFile; productRef = 001B1CA72901270C00F5C875 /* RxSwift */; };
		002821EF2901884100717E2C /* ProcessInfo.swift in Sources */ = {isa = PBXBuildFile; fileRef = 002821EE2901884100717E2C /* ProcessInfo.swift */; };
		002821F12901889000717E2C /* UserInfoRepository.swift in Sources */ = {isa = PBXBuildFile; fileRef = 002821F02901889000717E2C /* UserInfoRepository.swift */; };
		002821F329018E7700717E2C /* RxSwift+Firestore.swift in Sources */ = {isa = PBXBuildFile; fileRef = 002821F229018E7700717E2C /* RxSwift+Firestore.swift */; };
		002821F62901932A00717E2C /* FirebaseFirestoreSwift in Frameworks */ = {isa = PBXBuildFile; productRef = 002821F52901932A00717E2C /* FirebaseFirestoreSwift */; };
		0062EB7C2900222600B0A6AB /* AppDelegate.swift in Sources */ = {isa = PBXBuildFile; fileRef = 0062EB7B2900222600B0A6AB /* AppDelegate.swift */; };
		0062EB7E2900222600B0A6AB /* SceneDelegate.swift in Sources */ = {isa = PBXBuildFile; fileRef = 0062EB7D2900222600B0A6AB /* SceneDelegate.swift */; };
		0062EB802900222600B0A6AB /* ViewController.swift in Sources */ = {isa = PBXBuildFile; fileRef = 0062EB7F2900222600B0A6AB /* ViewController.swift */; };
		0062EB832900222600B0A6AB /* Main.storyboard in Resources */ = {isa = PBXBuildFile; fileRef = 0062EB812900222600B0A6AB /* Main.storyboard */; };
		0062EB852900222700B0A6AB /* Assets.xcassets in Resources */ = {isa = PBXBuildFile; fileRef = 0062EB842900222700B0A6AB /* Assets.xcassets */; };
		0062EB882900222700B0A6AB /* LaunchScreen.storyboard in Resources */ = {isa = PBXBuildFile; fileRef = 0062EB862900222700B0A6AB /* LaunchScreen.storyboard */; };
		0062EBAD290023A600B0A6AB /* .swiftlint.yml in Resources */ = {isa = PBXBuildFile; fileRef = 0062EBAC290023A600B0A6AB /* .swiftlint.yml */; };
		0062EBBA2900289800B0A6AB /* SampleTests.swift in Sources */ = {isa = PBXBuildFile; fileRef = 0062EBB92900289800B0A6AB /* SampleTests.swift */; };
		0062EBBC290028CB00B0A6AB /* SampleUITests.swift in Sources */ = {isa = PBXBuildFile; fileRef = 0062EBBB290028CB00B0A6AB /* SampleUITests.swift */; };
/* End PBXBuildFile section */

/* Begin PBXContainerItemProxy section */
		0062EB8F2900222700B0A6AB /* PBXContainerItemProxy */ = {
			isa = PBXContainerItemProxy;
			containerPortal = 0062EB702900222600B0A6AB /* Project object */;
			proxyType = 1;
			remoteGlobalIDString = 0062EB772900222600B0A6AB;
			remoteInfo = Gom4ziz;
		};
		0062EB992900222700B0A6AB /* PBXContainerItemProxy */ = {
			isa = PBXContainerItemProxy;
			containerPortal = 0062EB702900222600B0A6AB /* Project object */;
			proxyType = 1;
			remoteGlobalIDString = 0062EB772900222600B0A6AB;
			remoteInfo = Gom4ziz;
		};
/* End PBXContainerItemProxy section */

/* Begin PBXFileReference section */
		001B1C7E2900FCC800F5C875 /* UserInfo.swift */ = {isa = PBXFileReference; lastKnownFileType = sourcecode.swift; path = UserInfo.swift; sourceTree = "<group>"; };
		001B1C802900FE5B00F5C875 /* PromiseRoom.swift */ = {isa = PBXFileReference; lastKnownFileType = sourcecode.swift; path = PromiseRoom.swift; sourceTree = "<group>"; };
		001B1C822901049400F5C875 /* MockData.swift */ = {isa = PBXFileReference; lastKnownFileType = sourcecode.swift; path = MockData.swift; sourceTree = "<group>"; };
		002821EE2901884100717E2C /* ProcessInfo.swift */ = {isa = PBXFileReference; lastKnownFileType = sourcecode.swift; path = ProcessInfo.swift; sourceTree = "<group>"; };
		002821F02901889000717E2C /* UserInfoRepository.swift */ = {isa = PBXFileReference; lastKnownFileType = sourcecode.swift; path = UserInfoRepository.swift; sourceTree = "<group>"; };
		002821F229018E7700717E2C /* RxSwift+Firestore.swift */ = {isa = PBXFileReference; lastKnownFileType = sourcecode.swift; path = "RxSwift+Firestore.swift"; sourceTree = "<group>"; };
		0062EB782900222600B0A6AB /* Gom4ziz.app */ = {isa = PBXFileReference; explicitFileType = wrapper.application; includeInIndex = 0; path = Gom4ziz.app; sourceTree = BUILT_PRODUCTS_DIR; };
		0062EB7B2900222600B0A6AB /* AppDelegate.swift */ = {isa = PBXFileReference; lastKnownFileType = sourcecode.swift; path = AppDelegate.swift; sourceTree = "<group>"; };
		0062EB7D2900222600B0A6AB /* SceneDelegate.swift */ = {isa = PBXFileReference; lastKnownFileType = sourcecode.swift; path = SceneDelegate.swift; sourceTree = "<group>"; };
		0062EB7F2900222600B0A6AB /* ViewController.swift */ = {isa = PBXFileReference; lastKnownFileType = sourcecode.swift; path = ViewController.swift; sourceTree = "<group>"; };
		0062EB822900222600B0A6AB /* Base */ = {isa = PBXFileReference; lastKnownFileType = file.storyboard; name = Base; path = Base.lproj/Main.storyboard; sourceTree = "<group>"; };
		0062EB842900222700B0A6AB /* Assets.xcassets */ = {isa = PBXFileReference; lastKnownFileType = folder.assetcatalog; path = Assets.xcassets; sourceTree = "<group>"; };
		0062EB872900222700B0A6AB /* Base */ = {isa = PBXFileReference; lastKnownFileType = file.storyboard; name = Base; path = Base.lproj/LaunchScreen.storyboard; sourceTree = "<group>"; };
		0062EB892900222700B0A6AB /* Info.plist */ = {isa = PBXFileReference; lastKnownFileType = text.plist.xml; path = Info.plist; sourceTree = "<group>"; };
		0062EB8E2900222700B0A6AB /* Gom4zizTests.xctest */ = {isa = PBXFileReference; explicitFileType = wrapper.cfbundle; includeInIndex = 0; path = Gom4zizTests.xctest; sourceTree = BUILT_PRODUCTS_DIR; };
		0062EB982900222700B0A6AB /* Gom4zizUITests.xctest */ = {isa = PBXFileReference; explicitFileType = wrapper.cfbundle; includeInIndex = 0; path = Gom4zizUITests.xctest; sourceTree = BUILT_PRODUCTS_DIR; };
		0062EBAC290023A600B0A6AB /* .swiftlint.yml */ = {isa = PBXFileReference; lastKnownFileType = text.yaml; path = .swiftlint.yml; sourceTree = "<group>"; };
		0062EBB92900289800B0A6AB /* SampleTests.swift */ = {isa = PBXFileReference; lastKnownFileType = sourcecode.swift; path = SampleTests.swift; sourceTree = "<group>"; };
		0062EBBB290028CB00B0A6AB /* SampleUITests.swift */ = {isa = PBXFileReference; lastKnownFileType = sourcecode.swift; path = SampleUITests.swift; sourceTree = "<group>"; };
/* End PBXFileReference section */

/* Begin PBXFrameworksBuildPhase section */
		0062EB752900222600B0A6AB /* Frameworks */ = {
			isa = PBXFrameworksBuildPhase;
			buildActionMask = 2147483647;
			files = (
				001B1CA42901270C00F5C875 /* RxCocoa in Frameworks */,
				001B1C8629010C4B00F5C875 /* FirebaseAuth in Frameworks */,
				001B1CA82901270C00F5C875 /* RxSwift in Frameworks */,
				001B1CA62901270C00F5C875 /* RxRelay in Frameworks */,
				001B1C8829010C4B00F5C875 /* FirebaseFirestore in Frameworks */,
				002821F62901932A00717E2C /* FirebaseFirestoreSwift in Frameworks */,
			);
			runOnlyForDeploymentPostprocessing = 0;
		};
		0062EB8B2900222700B0A6AB /* Frameworks */ = {
			isa = PBXFrameworksBuildPhase;
			buildActionMask = 2147483647;
			files = (
			);
			runOnlyForDeploymentPostprocessing = 0;
		};
		0062EB952900222700B0A6AB /* Frameworks */ = {
			isa = PBXFrameworksBuildPhase;
			buildActionMask = 2147483647;
			files = (
			);
			runOnlyForDeploymentPostprocessing = 0;
		};
/* End PBXFrameworksBuildPhase section */

/* Begin PBXGroup section */
		001B1C7D2900FCBE00F5C875 /* Model */ = {
			isa = PBXGroup;
			children = (
				001B1C7E2900FCC800F5C875 /* UserInfo.swift */,
				001B1C802900FE5B00F5C875 /* PromiseRoom.swift */,
				001B1C822901049400F5C875 /* MockData.swift */,
			);
			path = Model;
			sourceTree = "<group>";
		};
		002821F42901932A00717E2C /* Frameworks */ = {
			isa = PBXGroup;
			children = (
			);
			name = Frameworks;
			sourceTree = "<group>";
		};
		0062EB6F2900222600B0A6AB = {
			isa = PBXGroup;
			children = (
				0062EBAC290023A600B0A6AB /* .swiftlint.yml */,
				0062EB7A2900222600B0A6AB /* Gom4ziz */,
				0062EB912900222700B0A6AB /* Gom4zizTests */,
				0062EB9B2900222700B0A6AB /* Gom4zizUITests */,
				0062EB792900222600B0A6AB /* Products */,
				002821F42901932A00717E2C /* Frameworks */,
			);
			sourceTree = "<group>";
		};
		0062EB792900222600B0A6AB /* Products */ = {
			isa = PBXGroup;
			children = (
				0062EB782900222600B0A6AB /* Gom4ziz.app */,
				0062EB8E2900222700B0A6AB /* Gom4zizTests.xctest */,
				0062EB982900222700B0A6AB /* Gom4zizUITests.xctest */,
			);
			name = Products;
			sourceTree = "<group>";
		};
		0062EB7A2900222600B0A6AB /* Gom4ziz */ = {
			isa = PBXGroup;
			children = (
				0062EBB0290024FB00B0A6AB /* Data */,
				0062EBAF290024F900B0A6AB /* Domain */,
				0062EBB12900254600B0A6AB /* Extension */,
				0062EBAE290024F500B0A6AB /* Presenter */,
				0062EBB52900255700B0A6AB /* Resources */,
				0062EBB42900255300B0A6AB /* System */,
				0062EBB32900254E00B0A6AB /* Utility */,
			);
			path = Gom4ziz;
			sourceTree = "<group>";
		};
		0062EB912900222700B0A6AB /* Gom4zizTests */ = {
			isa = PBXGroup;
			children = (
				0062EBB92900289800B0A6AB /* SampleTests.swift */,
			);
			path = Gom4zizTests;
			sourceTree = "<group>";
		};
		0062EB9B2900222700B0A6AB /* Gom4zizUITests */ = {
			isa = PBXGroup;
			children = (
				0062EBBB290028CB00B0A6AB /* SampleUITests.swift */,
			);
			path = Gom4zizUITests;
			sourceTree = "<group>";
		};
		0062EBAE290024F500B0A6AB /* Presenter */ = {
			isa = PBXGroup;
			children = (
				0062EB7F2900222600B0A6AB /* ViewController.swift */,
			);
			path = Presenter;
			sourceTree = "<group>";
		};
		0062EBAF290024F900B0A6AB /* Domain */ = {
			isa = PBXGroup;
			children = (
				001B1C7D2900FCBE00F5C875 /* Model */,
			);
			path = Domain;
			sourceTree = "<group>";
		};
		0062EBB0290024FB00B0A6AB /* Data */ = {
			isa = PBXGroup;
			children = (
				002821F02901889000717E2C /* UserInfoRepository.swift */,
			);
			path = Data;
			sourceTree = "<group>";
		};
		0062EBB12900254600B0A6AB /* Extension */ = {
			isa = PBXGroup;
			children = (
				002821EE2901884100717E2C /* ProcessInfo.swift */,
				002821F229018E7700717E2C /* RxSwift+Firestore.swift */,
			);
			path = Extension;
			sourceTree = "<group>";
		};
		0062EBB32900254E00B0A6AB /* Utility */ = {
			isa = PBXGroup;
			children = (
			);
			path = Utility;
			sourceTree = "<group>";
		};
		0062EBB42900255300B0A6AB /* System */ = {
			isa = PBXGroup;
			children = (
				0062EB7B2900222600B0A6AB /* AppDelegate.swift */,
				0062EB7D2900222600B0A6AB /* SceneDelegate.swift */,
			);
			path = System;
			sourceTree = "<group>";
		};
		0062EBB52900255700B0A6AB /* Resources */ = {
			isa = PBXGroup;
			children = (
				0062EB842900222700B0A6AB /* Assets.xcassets */,
				0062EB892900222700B0A6AB /* Info.plist */,
				0062EB862900222700B0A6AB /* LaunchScreen.storyboard */,
				0062EB812900222600B0A6AB /* Main.storyboard */,
			);
			path = Resources;
			sourceTree = "<group>";
		};
/* End PBXGroup section */

/* Begin PBXNativeTarget section */
		0062EB772900222600B0A6AB /* Gom4ziz */ = {
			isa = PBXNativeTarget;
			buildConfigurationList = 0062EBA22900222700B0A6AB /* Build configuration list for PBXNativeTarget "Gom4ziz" */;
			buildPhases = (
				0062EBAB2900234700B0A6AB /* Swiftlint script */,
				0062EB742900222600B0A6AB /* Sources */,
				0062EB752900222600B0A6AB /* Frameworks */,
				0062EB762900222600B0A6AB /* Resources */,
			);
			buildRules = (
			);
			dependencies = (
			);
			name = Gom4ziz;
			packageProductDependencies = (
				001B1C8529010C4B00F5C875 /* FirebaseAuth */,
				001B1C8729010C4B00F5C875 /* FirebaseFirestore */,
				001B1CA32901270C00F5C875 /* RxCocoa */,
				001B1CA52901270C00F5C875 /* RxRelay */,
				001B1CA72901270C00F5C875 /* RxSwift */,
				002821F52901932A00717E2C /* FirebaseFirestoreSwift */,
			);
			productName = Gom4ziz;
			productReference = 0062EB782900222600B0A6AB /* Gom4ziz.app */;
			productType = "com.apple.product-type.application";
		};
		0062EB8D2900222700B0A6AB /* Gom4zizTests */ = {
			isa = PBXNativeTarget;
			buildConfigurationList = 0062EBA52900222700B0A6AB /* Build configuration list for PBXNativeTarget "Gom4zizTests" */;
			buildPhases = (
				0062EB8A2900222700B0A6AB /* Sources */,
				0062EB8B2900222700B0A6AB /* Frameworks */,
				0062EB8C2900222700B0A6AB /* Resources */,
			);
			buildRules = (
			);
			dependencies = (
				0062EB902900222700B0A6AB /* PBXTargetDependency */,
			);
			name = Gom4zizTests;
			productName = Gom4zizTests;
			productReference = 0062EB8E2900222700B0A6AB /* Gom4zizTests.xctest */;
			productType = "com.apple.product-type.bundle.unit-test";
		};
		0062EB972900222700B0A6AB /* Gom4zizUITests */ = {
			isa = PBXNativeTarget;
			buildConfigurationList = 0062EBA82900222700B0A6AB /* Build configuration list for PBXNativeTarget "Gom4zizUITests" */;
			buildPhases = (
				0062EB942900222700B0A6AB /* Sources */,
				0062EB952900222700B0A6AB /* Frameworks */,
				0062EB962900222700B0A6AB /* Resources */,
			);
			buildRules = (
			);
			dependencies = (
				0062EB9A2900222700B0A6AB /* PBXTargetDependency */,
			);
			name = Gom4zizUITests;
			productName = Gom4zizUITests;
			productReference = 0062EB982900222700B0A6AB /* Gom4zizUITests.xctest */;
			productType = "com.apple.product-type.bundle.ui-testing";
		};
/* End PBXNativeTarget section */

/* Begin PBXProject section */
		0062EB702900222600B0A6AB /* Project object */ = {
			isa = PBXProject;
			attributes = {
				BuildIndependentTargetsInParallel = 1;
				LastSwiftUpdateCheck = 1400;
				LastUpgradeCheck = 1400;
				TargetAttributes = {
					0062EB772900222600B0A6AB = {
						CreatedOnToolsVersion = 14.0.1;
					};
					0062EB8D2900222700B0A6AB = {
						CreatedOnToolsVersion = 14.0.1;
						LastSwiftMigration = 1400;
						TestTargetID = 0062EB772900222600B0A6AB;
					};
					0062EB972900222700B0A6AB = {
						CreatedOnToolsVersion = 14.0.1;
						LastSwiftMigration = 1400;
						TestTargetID = 0062EB772900222600B0A6AB;
					};
				};
			};
			buildConfigurationList = 0062EB732900222600B0A6AB /* Build configuration list for PBXProject "Gom4ziz" */;
			compatibilityVersion = "Xcode 14.0";
			developmentRegion = en;
			hasScannedForEncodings = 0;
			knownRegions = (
				en,
				Base,
			);
			mainGroup = 0062EB6F2900222600B0A6AB;
			packageReferences = (
				001B1C8429010C4B00F5C875 /* XCRemoteSwiftPackageReference "firebase-ios-sdk" */,
				001B1CA22901270C00F5C875 /* XCRemoteSwiftPackageReference "RxSwift" */,
			);
			productRefGroup = 0062EB792900222600B0A6AB /* Products */;
			projectDirPath = "";
			projectRoot = "";
			targets = (
				0062EB772900222600B0A6AB /* Gom4ziz */,
				0062EB8D2900222700B0A6AB /* Gom4zizTests */,
				0062EB972900222700B0A6AB /* Gom4zizUITests */,
			);
		};
/* End PBXProject section */

/* Begin PBXResourcesBuildPhase section */
		0062EB762900222600B0A6AB /* Resources */ = {
			isa = PBXResourcesBuildPhase;
			buildActionMask = 2147483647;
			files = (
				0062EBAD290023A600B0A6AB /* .swiftlint.yml in Resources */,
				0062EB882900222700B0A6AB /* LaunchScreen.storyboard in Resources */,
				0062EB852900222700B0A6AB /* Assets.xcassets in Resources */,
				0062EB832900222600B0A6AB /* Main.storyboard in Resources */,
			);
			runOnlyForDeploymentPostprocessing = 0;
		};
		0062EB8C2900222700B0A6AB /* Resources */ = {
			isa = PBXResourcesBuildPhase;
			buildActionMask = 2147483647;
			files = (
			);
			runOnlyForDeploymentPostprocessing = 0;
		};
		0062EB962900222700B0A6AB /* Resources */ = {
			isa = PBXResourcesBuildPhase;
			buildActionMask = 2147483647;
			files = (
			);
			runOnlyForDeploymentPostprocessing = 0;
		};
/* End PBXResourcesBuildPhase section */

/* Begin PBXShellScriptBuildPhase section */
		0062EBAB2900234700B0A6AB /* Swiftlint script */ = {
			isa = PBXShellScriptBuildPhase;
			buildActionMask = 2147483647;
			files = (
			);
			inputFileListPaths = (
			);
			inputPaths = (
			);
			name = "Swiftlint script";
			outputFileListPaths = (
			);
			outputPaths = (
			);
			runOnlyForDeploymentPostprocessing = 0;
			shellPath = /bin/sh;
			shellScript = "export PATH=\"$PATH:/opt/homebrew/bin\" \nif which swiftlint > /dev/null; then\n  swiftlint\nelse\n  echo \"warning: SwiftLint not installed, download from https://github.com/realm/SwiftLint\"\nfi\n";
		};
/* End PBXShellScriptBuildPhase section */

/* Begin PBXSourcesBuildPhase section */
		0062EB742900222600B0A6AB /* Sources */ = {
			isa = PBXSourcesBuildPhase;
			buildActionMask = 2147483647;
			files = (
				001B1C7F2900FCC800F5C875 /* UserInfo.swift in Sources */,
				001B1C832901049400F5C875 /* MockData.swift in Sources */,
				0062EB802900222600B0A6AB /* ViewController.swift in Sources */,
				002821EF2901884100717E2C /* ProcessInfo.swift in Sources */,
				001B1C812900FE5B00F5C875 /* PromiseRoom.swift in Sources */,
				0062EB7C2900222600B0A6AB /* AppDelegate.swift in Sources */,
				002821F12901889000717E2C /* UserInfoRepository.swift in Sources */,
				0062EB7E2900222600B0A6AB /* SceneDelegate.swift in Sources */,
				002821F329018E7700717E2C /* RxSwift+Firestore.swift in Sources */,
			);
			runOnlyForDeploymentPostprocessing = 0;
		};
		0062EB8A2900222700B0A6AB /* Sources */ = {
			isa = PBXSourcesBuildPhase;
			buildActionMask = 2147483647;
			files = (
				0062EBBA2900289800B0A6AB /* SampleTests.swift in Sources */,
			);
			runOnlyForDeploymentPostprocessing = 0;
		};
		0062EB942900222700B0A6AB /* Sources */ = {
			isa = PBXSourcesBuildPhase;
			buildActionMask = 2147483647;
			files = (
				0062EBBC290028CB00B0A6AB /* SampleUITests.swift in Sources */,
			);
			runOnlyForDeploymentPostprocessing = 0;
		};
/* End PBXSourcesBuildPhase section */

/* Begin PBXTargetDependency section */
		0062EB902900222700B0A6AB /* PBXTargetDependency */ = {
			isa = PBXTargetDependency;
			target = 0062EB772900222600B0A6AB /* Gom4ziz */;
			targetProxy = 0062EB8F2900222700B0A6AB /* PBXContainerItemProxy */;
		};
		0062EB9A2900222700B0A6AB /* PBXTargetDependency */ = {
			isa = PBXTargetDependency;
			target = 0062EB772900222600B0A6AB /* Gom4ziz */;
			targetProxy = 0062EB992900222700B0A6AB /* PBXContainerItemProxy */;
		};
/* End PBXTargetDependency section */

/* Begin PBXVariantGroup section */
		0062EB812900222600B0A6AB /* Main.storyboard */ = {
			isa = PBXVariantGroup;
			children = (
				0062EB822900222600B0A6AB /* Base */,
			);
			name = Main.storyboard;
			sourceTree = "<group>";
		};
		0062EB862900222700B0A6AB /* LaunchScreen.storyboard */ = {
			isa = PBXVariantGroup;
			children = (
				0062EB872900222700B0A6AB /* Base */,
			);
			name = LaunchScreen.storyboard;
			sourceTree = "<group>";
		};
/* End PBXVariantGroup section */

/* Begin XCBuildConfiguration section */
		0062EBA02900222700B0A6AB /* Debug */ = {
			isa = XCBuildConfiguration;
			buildSettings = {
				ALWAYS_SEARCH_USER_PATHS = NO;
				CLANG_ANALYZER_NONNULL = YES;
				CLANG_ANALYZER_NUMBER_OBJECT_CONVERSION = YES_AGGRESSIVE;
				CLANG_CXX_LANGUAGE_STANDARD = "gnu++20";
				CLANG_ENABLE_MODULES = YES;
				CLANG_ENABLE_OBJC_ARC = YES;
				CLANG_ENABLE_OBJC_WEAK = YES;
				CLANG_WARN_BLOCK_CAPTURE_AUTORELEASING = YES;
				CLANG_WARN_BOOL_CONVERSION = YES;
				CLANG_WARN_COMMA = YES;
				CLANG_WARN_CONSTANT_CONVERSION = YES;
				CLANG_WARN_DEPRECATED_OBJC_IMPLEMENTATIONS = YES;
				CLANG_WARN_DIRECT_OBJC_ISA_USAGE = YES_ERROR;
				CLANG_WARN_DOCUMENTATION_COMMENTS = YES;
				CLANG_WARN_EMPTY_BODY = YES;
				CLANG_WARN_ENUM_CONVERSION = YES;
				CLANG_WARN_INFINITE_RECURSION = YES;
				CLANG_WARN_INT_CONVERSION = YES;
				CLANG_WARN_NON_LITERAL_NULL_CONVERSION = YES;
				CLANG_WARN_OBJC_IMPLICIT_RETAIN_SELF = YES;
				CLANG_WARN_OBJC_LITERAL_CONVERSION = YES;
				CLANG_WARN_OBJC_ROOT_CLASS = YES_ERROR;
				CLANG_WARN_QUOTED_INCLUDE_IN_FRAMEWORK_HEADER = YES;
				CLANG_WARN_RANGE_LOOP_ANALYSIS = YES;
				CLANG_WARN_STRICT_PROTOTYPES = YES;
				CLANG_WARN_SUSPICIOUS_MOVE = YES;
				CLANG_WARN_UNGUARDED_AVAILABILITY = YES_AGGRESSIVE;
				CLANG_WARN_UNREACHABLE_CODE = YES;
				CLANG_WARN__DUPLICATE_METHOD_MATCH = YES;
				COPY_PHASE_STRIP = NO;
				DEBUG_INFORMATION_FORMAT = dwarf;
				ENABLE_STRICT_OBJC_MSGSEND = YES;
				ENABLE_TESTABILITY = YES;
				GCC_C_LANGUAGE_STANDARD = gnu11;
				GCC_DYNAMIC_NO_PIC = NO;
				GCC_NO_COMMON_BLOCKS = YES;
				GCC_OPTIMIZATION_LEVEL = 0;
				GCC_PREPROCESSOR_DEFINITIONS = (
					"DEBUG=1",
					"$(inherited)",
				);
				GCC_WARN_64_TO_32_BIT_CONVERSION = YES;
				GCC_WARN_ABOUT_RETURN_TYPE = YES_ERROR;
				GCC_WARN_UNDECLARED_SELECTOR = YES;
				GCC_WARN_UNINITIALIZED_AUTOS = YES_AGGRESSIVE;
				GCC_WARN_UNUSED_FUNCTION = YES;
				GCC_WARN_UNUSED_VARIABLE = YES;
				IPHONEOS_DEPLOYMENT_TARGET = 15.0;
				MTL_ENABLE_DEBUG_INFO = INCLUDE_SOURCE;
				MTL_FAST_MATH = YES;
				ONLY_ACTIVE_ARCH = YES;
				SDKROOT = iphoneos;
				SWIFT_ACTIVE_COMPILATION_CONDITIONS = DEBUG;
				SWIFT_OPTIMIZATION_LEVEL = "-Onone";
			};
			name = Debug;
		};
		0062EBA12900222700B0A6AB /* Release */ = {
			isa = XCBuildConfiguration;
			buildSettings = {
				ALWAYS_SEARCH_USER_PATHS = NO;
				CLANG_ANALYZER_NONNULL = YES;
				CLANG_ANALYZER_NUMBER_OBJECT_CONVERSION = YES_AGGRESSIVE;
				CLANG_CXX_LANGUAGE_STANDARD = "gnu++20";
				CLANG_ENABLE_MODULES = YES;
				CLANG_ENABLE_OBJC_ARC = YES;
				CLANG_ENABLE_OBJC_WEAK = YES;
				CLANG_WARN_BLOCK_CAPTURE_AUTORELEASING = YES;
				CLANG_WARN_BOOL_CONVERSION = YES;
				CLANG_WARN_COMMA = YES;
				CLANG_WARN_CONSTANT_CONVERSION = YES;
				CLANG_WARN_DEPRECATED_OBJC_IMPLEMENTATIONS = YES;
				CLANG_WARN_DIRECT_OBJC_ISA_USAGE = YES_ERROR;
				CLANG_WARN_DOCUMENTATION_COMMENTS = YES;
				CLANG_WARN_EMPTY_BODY = YES;
				CLANG_WARN_ENUM_CONVERSION = YES;
				CLANG_WARN_INFINITE_RECURSION = YES;
				CLANG_WARN_INT_CONVERSION = YES;
				CLANG_WARN_NON_LITERAL_NULL_CONVERSION = YES;
				CLANG_WARN_OBJC_IMPLICIT_RETAIN_SELF = YES;
				CLANG_WARN_OBJC_LITERAL_CONVERSION = YES;
				CLANG_WARN_OBJC_ROOT_CLASS = YES_ERROR;
				CLANG_WARN_QUOTED_INCLUDE_IN_FRAMEWORK_HEADER = YES;
				CLANG_WARN_RANGE_LOOP_ANALYSIS = YES;
				CLANG_WARN_STRICT_PROTOTYPES = YES;
				CLANG_WARN_SUSPICIOUS_MOVE = YES;
				CLANG_WARN_UNGUARDED_AVAILABILITY = YES_AGGRESSIVE;
				CLANG_WARN_UNREACHABLE_CODE = YES;
				CLANG_WARN__DUPLICATE_METHOD_MATCH = YES;
				COPY_PHASE_STRIP = NO;
				DEBUG_INFORMATION_FORMAT = "dwarf-with-dsym";
				ENABLE_NS_ASSERTIONS = NO;
				ENABLE_STRICT_OBJC_MSGSEND = YES;
				GCC_C_LANGUAGE_STANDARD = gnu11;
				GCC_NO_COMMON_BLOCKS = YES;
				GCC_WARN_64_TO_32_BIT_CONVERSION = YES;
				GCC_WARN_ABOUT_RETURN_TYPE = YES_ERROR;
				GCC_WARN_UNDECLARED_SELECTOR = YES;
				GCC_WARN_UNINITIALIZED_AUTOS = YES_AGGRESSIVE;
				GCC_WARN_UNUSED_FUNCTION = YES;
				GCC_WARN_UNUSED_VARIABLE = YES;
				IPHONEOS_DEPLOYMENT_TARGET = 15.0;
				MTL_ENABLE_DEBUG_INFO = NO;
				MTL_FAST_MATH = YES;
				SDKROOT = iphoneos;
				SWIFT_COMPILATION_MODE = wholemodule;
				SWIFT_OPTIMIZATION_LEVEL = "-O";
				VALIDATE_PRODUCT = YES;
			};
			name = Release;
		};
		0062EBA32900222700B0A6AB /* Debug */ = {
			isa = XCBuildConfiguration;
			buildSettings = {
				ASSETCATALOG_COMPILER_APPICON_NAME = AppIcon;
				ASSETCATALOG_COMPILER_GLOBAL_ACCENT_COLOR_NAME = AccentColor;
				CODE_SIGN_STYLE = Manual;
				CURRENT_PROJECT_VERSION = 1;
				DEVELOPMENT_TEAM = "";
				GENERATE_INFOPLIST_FILE = YES;
				INFOPLIST_FILE = Gom4ziz/Resources/Info.plist;
				INFOPLIST_KEY_UIApplicationSupportsIndirectInputEvents = YES;
				INFOPLIST_KEY_UILaunchStoryboardName = LaunchScreen;
				INFOPLIST_KEY_UIMainStoryboardFile = Main;
				INFOPLIST_KEY_UISupportedInterfaceOrientations = UIInterfaceOrientationPortrait;
				IPHONEOS_DEPLOYMENT_TARGET = 15.0;
				LD_RUNPATH_SEARCH_PATHS = (
					"$(inherited)",
					"@executable_path/Frameworks",
				);
				MARKETING_VERSION = 0.0;
				PRODUCT_BUNDLE_IDENTIFIER = team.gom4ziz.Gom4ziz;
				PRODUCT_NAME = "$(TARGET_NAME)";
				PROVISIONING_PROFILE_SPECIFIER = "";
				SWIFT_EMIT_LOC_STRINGS = YES;
				SWIFT_VERSION = 5.0;
				TARGETED_DEVICE_FAMILY = "1,2";
			};
			name = Debug;
		};
		0062EBA42900222700B0A6AB /* Release */ = {
			isa = XCBuildConfiguration;
			buildSettings = {
				ASSETCATALOG_COMPILER_APPICON_NAME = AppIcon;
				ASSETCATALOG_COMPILER_GLOBAL_ACCENT_COLOR_NAME = AccentColor;
				CODE_SIGN_STYLE = Manual;
				CURRENT_PROJECT_VERSION = 1;
				DEVELOPMENT_TEAM = "";
				GENERATE_INFOPLIST_FILE = YES;
				INFOPLIST_FILE = Gom4ziz/Resources/Info.plist;
				INFOPLIST_KEY_UIApplicationSupportsIndirectInputEvents = YES;
				INFOPLIST_KEY_UILaunchStoryboardName = LaunchScreen;
				INFOPLIST_KEY_UIMainStoryboardFile = Main;
				INFOPLIST_KEY_UISupportedInterfaceOrientations = UIInterfaceOrientationPortrait;
				IPHONEOS_DEPLOYMENT_TARGET = 15.0;
				LD_RUNPATH_SEARCH_PATHS = (
					"$(inherited)",
					"@executable_path/Frameworks",
				);
				MARKETING_VERSION = 0.0;
				PRODUCT_BUNDLE_IDENTIFIER = team.gom4ziz.Gom4ziz;
				PRODUCT_NAME = "$(TARGET_NAME)";
				PROVISIONING_PROFILE_SPECIFIER = "";
				SWIFT_EMIT_LOC_STRINGS = YES;
				SWIFT_VERSION = 5.0;
				TARGETED_DEVICE_FAMILY = "1,2";
			};
			name = Release;
		};
		0062EBA62900222700B0A6AB /* Debug */ = {
			isa = XCBuildConfiguration;
			buildSettings = {
				ALWAYS_EMBED_SWIFT_STANDARD_LIBRARIES = YES;
				BUNDLE_LOADER = "$(TEST_HOST)";
				CLANG_ENABLE_MODULES = YES;
				CODE_SIGN_STYLE = Automatic;
				CURRENT_PROJECT_VERSION = 1;
				DEVELOPMENT_TEAM = 44RS35G3C5;
				EXCLUDED_ARCHS = "";
				GENERATE_INFOPLIST_FILE = YES;
				IPHONEOS_DEPLOYMENT_TARGET = 15.0;
				LD_RUNPATH_SEARCH_PATHS = (
					"$(inherited)",
					"@executable_path/Frameworks",
					"@loader_path/Frameworks",
				);
				MARKETING_VERSION = 1.0;
				PRODUCT_BUNDLE_IDENTIFIER = team.gom4ziz.Gom4zizTests;
				PRODUCT_NAME = "$(TARGET_NAME)";
				SWIFT_EMIT_LOC_STRINGS = NO;
				SWIFT_OPTIMIZATION_LEVEL = "-Onone";
				SWIFT_VERSION = 5.0;
				TARGETED_DEVICE_FAMILY = "1,2";
				TEST_HOST = "$(BUILT_PRODUCTS_DIR)/Gom4ziz.app/$(BUNDLE_EXECUTABLE_FOLDER_PATH)/Gom4ziz";
			};
			name = Debug;
		};
		0062EBA72900222700B0A6AB /* Release */ = {
			isa = XCBuildConfiguration;
			buildSettings = {
				ALWAYS_EMBED_SWIFT_STANDARD_LIBRARIES = YES;
				BUNDLE_LOADER = "$(TEST_HOST)";
				CLANG_ENABLE_MODULES = YES;
				CODE_SIGN_STYLE = Automatic;
				CURRENT_PROJECT_VERSION = 1;
				DEVELOPMENT_TEAM = 44RS35G3C5;
				EXCLUDED_ARCHS = "";
				GENERATE_INFOPLIST_FILE = YES;
				IPHONEOS_DEPLOYMENT_TARGET = 15.0;
				LD_RUNPATH_SEARCH_PATHS = (
					"$(inherited)",
					"@executable_path/Frameworks",
					"@loader_path/Frameworks",
				);
				MARKETING_VERSION = 1.0;
				PRODUCT_BUNDLE_IDENTIFIER = team.gom4ziz.Gom4zizTests;
				PRODUCT_NAME = "$(TARGET_NAME)";
				SWIFT_EMIT_LOC_STRINGS = NO;
				SWIFT_VERSION = 5.0;
				TARGETED_DEVICE_FAMILY = "1,2";
				TEST_HOST = "$(BUILT_PRODUCTS_DIR)/Gom4ziz.app/$(BUNDLE_EXECUTABLE_FOLDER_PATH)/Gom4ziz";
			};
			name = Release;
		};
		0062EBA92900222700B0A6AB /* Debug */ = {
			isa = XCBuildConfiguration;
			buildSettings = {
				ALWAYS_EMBED_SWIFT_STANDARD_LIBRARIES = YES;
				CLANG_ENABLE_MODULES = YES;
				CODE_SIGN_STYLE = Automatic;
				CURRENT_PROJECT_VERSION = 1;
				DEVELOPMENT_TEAM = 44RS35G3C5;
				GENERATE_INFOPLIST_FILE = YES;
				LD_RUNPATH_SEARCH_PATHS = (
					"$(inherited)",
					"@executable_path/Frameworks",
					"@loader_path/Frameworks",
				);
				MARKETING_VERSION = 1.0;
				PRODUCT_BUNDLE_IDENTIFIER = team.gom4ziz.Gom4zizUITests;
				PRODUCT_NAME = "$(TARGET_NAME)";
				SWIFT_EMIT_LOC_STRINGS = NO;
				SWIFT_OPTIMIZATION_LEVEL = "-Onone";
				SWIFT_VERSION = 5.0;
				TARGETED_DEVICE_FAMILY = "1,2";
				TEST_TARGET_NAME = Gom4ziz;
			};
			name = Debug;
		};
		0062EBAA2900222700B0A6AB /* Release */ = {
			isa = XCBuildConfiguration;
			buildSettings = {
				ALWAYS_EMBED_SWIFT_STANDARD_LIBRARIES = YES;
				CLANG_ENABLE_MODULES = YES;
				CODE_SIGN_STYLE = Automatic;
				CURRENT_PROJECT_VERSION = 1;
				DEVELOPMENT_TEAM = 44RS35G3C5;
				GENERATE_INFOPLIST_FILE = YES;
				LD_RUNPATH_SEARCH_PATHS = (
					"$(inherited)",
					"@executable_path/Frameworks",
					"@loader_path/Frameworks",
				);
				MARKETING_VERSION = 1.0;
				PRODUCT_BUNDLE_IDENTIFIER = team.gom4ziz.Gom4zizUITests;
				PRODUCT_NAME = "$(TARGET_NAME)";
				SWIFT_EMIT_LOC_STRINGS = NO;
				SWIFT_VERSION = 5.0;
				TARGETED_DEVICE_FAMILY = "1,2";
				TEST_TARGET_NAME = Gom4ziz;
			};
			name = Release;
		};
/* End XCBuildConfiguration section */

/* Begin XCConfigurationList section */
		0062EB732900222600B0A6AB /* Build configuration list for PBXProject "Gom4ziz" */ = {
			isa = XCConfigurationList;
			buildConfigurations = (
				0062EBA02900222700B0A6AB /* Debug */,
				0062EBA12900222700B0A6AB /* Release */,
			);
			defaultConfigurationIsVisible = 0;
			defaultConfigurationName = Release;
		};
		0062EBA22900222700B0A6AB /* Build configuration list for PBXNativeTarget "Gom4ziz" */ = {
			isa = XCConfigurationList;
			buildConfigurations = (
				0062EBA32900222700B0A6AB /* Debug */,
				0062EBA42900222700B0A6AB /* Release */,
			);
			defaultConfigurationIsVisible = 0;
			defaultConfigurationName = Release;
		};
		0062EBA52900222700B0A6AB /* Build configuration list for PBXNativeTarget "Gom4zizTests" */ = {
			isa = XCConfigurationList;
			buildConfigurations = (
				0062EBA62900222700B0A6AB /* Debug */,
				0062EBA72900222700B0A6AB /* Release */,
			);
			defaultConfigurationIsVisible = 0;
			defaultConfigurationName = Release;
		};
		0062EBA82900222700B0A6AB /* Build configuration list for PBXNativeTarget "Gom4zizUITests" */ = {
			isa = XCConfigurationList;
			buildConfigurations = (
				0062EBA92900222700B0A6AB /* Debug */,
				0062EBAA2900222700B0A6AB /* Release */,
			);
			defaultConfigurationIsVisible = 0;
			defaultConfigurationName = Release;
		};
/* End XCConfigurationList section */

/* Begin XCRemoteSwiftPackageReference section */
		001B1C8429010C4B00F5C875 /* XCRemoteSwiftPackageReference "firebase-ios-sdk" */ = {
			isa = XCRemoteSwiftPackageReference;
			repositoryURL = "https://github.com/firebase/firebase-ios-sdk";
			requirement = {
				kind = upToNextMajorVersion;
				minimumVersion = 9.0.0;
			};
		};
		001B1CA22901270C00F5C875 /* XCRemoteSwiftPackageReference "RxSwift" */ = {
			isa = XCRemoteSwiftPackageReference;
			repositoryURL = "https://github.com/ReactiveX/RxSwift";
			requirement = {
				kind = upToNextMajorVersion;
				minimumVersion = 6.0.0;
			};
		};
/* End XCRemoteSwiftPackageReference section */

/* Begin XCSwiftPackageProductDependency section */
		001B1C8529010C4B00F5C875 /* FirebaseAuth */ = {
			isa = XCSwiftPackageProductDependency;
			package = 001B1C8429010C4B00F5C875 /* XCRemoteSwiftPackageReference "firebase-ios-sdk" */;
			productName = FirebaseAuth;
		};
		001B1C8729010C4B00F5C875 /* FirebaseFirestore */ = {
			isa = XCSwiftPackageProductDependency;
			package = 001B1C8429010C4B00F5C875 /* XCRemoteSwiftPackageReference "firebase-ios-sdk" */;
			productName = FirebaseFirestore;
		};
		001B1CA32901270C00F5C875 /* RxCocoa */ = {
			isa = XCSwiftPackageProductDependency;
			package = 001B1CA22901270C00F5C875 /* XCRemoteSwiftPackageReference "RxSwift" */;
			productName = RxCocoa;
		};
		001B1CA52901270C00F5C875 /* RxRelay */ = {
			isa = XCSwiftPackageProductDependency;
			package = 001B1CA22901270C00F5C875 /* XCRemoteSwiftPackageReference "RxSwift" */;
			productName = RxRelay;
		};
		001B1CA72901270C00F5C875 /* RxSwift */ = {
			isa = XCSwiftPackageProductDependency;
			package = 001B1CA22901270C00F5C875 /* XCRemoteSwiftPackageReference "RxSwift" */;
			productName = RxSwift;
		};
		002821F52901932A00717E2C /* FirebaseFirestoreSwift */ = {
			isa = XCSwiftPackageProductDependency;
			package = 001B1C8429010C4B00F5C875 /* XCRemoteSwiftPackageReference "firebase-ios-sdk" */;
			productName = FirebaseFirestoreSwift;
		};
/* End XCSwiftPackageProductDependency section */
	};
	rootObject = 0062EB702900222600B0A6AB /* Project object */;
}
